
Microsoft Visual Studio Solution File, Format Version 12.00
# Visual Studio 15
VisualStudioVersion = 15.0.26228.4
MinimumVisualStudioVersion = 10.0.40219.1
Project("{FAE04EC0-301F-11D3-BF4B-00C04F79EFBC}") = "UtilitiesBot", "UtilitiesBot\UtilitiesBot.csproj", "{0EE4CC3D-443E-48A7-AAC2-44C38F0745CE}"
EndProject
Project("{9A19103F-16F7-4668-BE54-9A1E7A4F7556}") = "utilitiesBotDotCore", "utilitiesBotDotCore\utilitiesBotDotCore.csproj", "{8F74645A-6E2E-408B-85FD-CC7B4A3C4DD7}"
EndProject
Global
	GlobalSection(SolutionConfigurationPlatforms) = preSolution
		Debug|Any CPU = Debug|Any CPU
		Release|Any CPU = Release|Any CPU
	EndGlobalSection
	GlobalSection(ProjectConfigurationPlatforms) = postSolution
		{0EE4CC3D-443E-48A7-AAC2-44C38F0745CE}.Debug|Any CPU.ActiveCfg = Debug|Any CPU
		{0EE4CC3D-443E-48A7-AAC2-44C38F0745CE}.Debug|Any CPU.Build.0 = Debug|Any CPU
		{0EE4CC3D-443E-48A7-AAC2-44C38F0745CE}.Release|Any CPU.ActiveCfg = Release|Any CPU
		{0EE4CC3D-443E-48A7-AAC2-44C38F0745CE}.Release|Any CPU.Build.0 = Release|Any CPU
		{8F74645A-6E2E-408B-85FD-CC7B4A3C4DD7}.Debug|Any CPU.ActiveCfg = Debug|Any CPU
		{8F74645A-6E2E-408B-85FD-CC7B4A3C4DD7}.Debug|Any CPU.Build.0 = Debug|Any CPU
		{8F74645A-6E2E-408B-85FD-CC7B4A3C4DD7}.Release|Any CPU.ActiveCfg = Release|Any CPU
		{8F74645A-6E2E-408B-85FD-CC7B4A3C4DD7}.Release|Any CPU.Build.0 = Release|Any CPU
	EndGlobalSection
	GlobalSection(SolutionProperties) = preSolution
		HideSolutionNode = FALSE
	EndGlobalSection
EndGlobal
